
Microsoft Visual Studio Solution File, Format Version 12.00
# Visual Studio Version 17
VisualStudioVersion = 17.1.32421.90
MinimumVisualStudioVersion = 10.0.40219.1
Project("{FAE04EC0-301F-11D3-BF4B-00C04F79EFBC}") = "Variabeltilordning", "Variabeltilordning.csproj", "{B272025F-C520-44B7-9154-86DD40FBF8B6}"
EndProject
Global
	GlobalSection(SolutionConfigurationPlatforms) = preSolution
		Debug|Any CPU = Debug|Any CPU
		Release|Any CPU = Release|Any CPU
	EndGlobalSection
	GlobalSection(ProjectConfigurationPlatforms) = postSolution
		{B272025F-C520-44B7-9154-86DD40FBF8B6}.Debug|Any CPU.ActiveCfg = Debug|Any CPU
		{B272025F-C520-44B7-9154-86DD40FBF8B6}.Debug|Any CPU.Build.0 = Debug|Any CPU
		{B272025F-C520-44B7-9154-86DD40FBF8B6}.Release|Any CPU.ActiveCfg = Release|Any CPU
		{B272025F-C520-44B7-9154-86DD40FBF8B6}.Release|Any CPU.Build.0 = Release|Any CPU
	EndGlobalSection
	GlobalSection(SolutionProperties) = preSolution
		HideSolutionNode = FALSE
	EndGlobalSection
	GlobalSection(ExtensibilityGlobals) = postSolution
		SolutionGuid = {BAE3CB3A-87DB-499D-844F-675EA6219B06}
	EndGlobalSection
EndGlobal
